// !$*UTF8*$!
{
	archiveVersion = 1;
	classes = {
	};
	objectVersion = 55;
	objects = {

/* Begin PBXBuildFile section */
		D79895FC5F2CED713E1E9F90 /* Pods_GoodDayApplication.framework in Frameworks */ = {isa = PBXBuildFile; fileRef = 24070A916A4B108EE1D80DE9 /* Pods_GoodDayApplication.framework */; };
		F093BD8B282B8B95004DBB62 /* AppDelegate.swift in Sources */ = {isa = PBXBuildFile; fileRef = F093BD8A282B8B95004DBB62 /* AppDelegate.swift */; };
		F093BD8D282B8B95004DBB62 /* SceneDelegate.swift in Sources */ = {isa = PBXBuildFile; fileRef = F093BD8C282B8B95004DBB62 /* SceneDelegate.swift */; };
		F093BD8F282B8B95004DBB62 /* MainVC.swift in Sources */ = {isa = PBXBuildFile; fileRef = F093BD8E282B8B95004DBB62 /* MainVC.swift */; };
		F093BD92282B8B95004DBB62 /* Main.storyboard in Resources */ = {isa = PBXBuildFile; fileRef = F093BD90282B8B95004DBB62 /* Main.storyboard */; };
		F093BD94282B8B96004DBB62 /* Assets.xcassets in Resources */ = {isa = PBXBuildFile; fileRef = F093BD93282B8B96004DBB62 /* Assets.xcassets */; };
		F093BD97282B8B96004DBB62 /* LaunchScreen.storyboard in Resources */ = {isa = PBXBuildFile; fileRef = F093BD95282B8B96004DBB62 /* LaunchScreen.storyboard */; };
		F093BD9F282B8F50004DBB62 /* GoogleService-Info.plist in Resources */ = {isa = PBXBuildFile; fileRef = F093BD9E282B8F50004DBB62 /* GoogleService-Info.plist */; };
		F093BDA1282B96A6004DBB62 /* InitialSettingViews.storyboard in Resources */ = {isa = PBXBuildFile; fileRef = F093BDA0282B96A6004DBB62 /* InitialSettingViews.storyboard */; };
		F093BDA3282B99B5004DBB62 /* ColorManager.swift in Sources */ = {isa = PBXBuildFile; fileRef = F093BDA2282B99B5004DBB62 /* ColorManager.swift */; };
		F093BDA5282B99E4004DBB62 /* UserDefaultsManager.swift in Sources */ = {isa = PBXBuildFile; fileRef = F093BDA4282B99E4004DBB62 /* UserDefaultsManager.swift */; };
		F093BDA7282B9A04004DBB62 /* TimeManager.swift in Sources */ = {isa = PBXBuildFile; fileRef = F093BDA6282B9A04004DBB62 /* TimeManager.swift */; };
		F093BDA9282B9A25004DBB62 /* FontManager.swift in Sources */ = {isa = PBXBuildFile; fileRef = F093BDA8282B9A25004DBB62 /* FontManager.swift */; };
		F093BDB3282B9A3F004DBB62 /* NanumSquareOTF_acEB.otf in Resources */ = {isa = PBXBuildFile; fileRef = F093BDAB282B9A3F004DBB62 /* NanumSquareOTF_acEB.otf */; };
		F093BDB4282B9A3F004DBB62 /* NanumSquareL.otf in Resources */ = {isa = PBXBuildFile; fileRef = F093BDAC282B9A3F004DBB62 /* NanumSquareL.otf */; };
		F093BDB5282B9A3F004DBB62 /* NanumSquareEB.otf in Resources */ = {isa = PBXBuildFile; fileRef = F093BDAD282B9A3F004DBB62 /* NanumSquareEB.otf */; };
		F093BDB6282B9A3F004DBB62 /* NanumSquareOTF_acL.otf in Resources */ = {isa = PBXBuildFile; fileRef = F093BDAE282B9A3F004DBB62 /* NanumSquareOTF_acL.otf */; };
		F093BDB7282B9A3F004DBB62 /* NanumSquareR.otf in Resources */ = {isa = PBXBuildFile; fileRef = F093BDAF282B9A3F004DBB62 /* NanumSquareR.otf */; };
		F093BDB8282B9A3F004DBB62 /* NanumSquareOTF_acR.otf in Resources */ = {isa = PBXBuildFile; fileRef = F093BDB0282B9A3F004DBB62 /* NanumSquareOTF_acR.otf */; };
		F093BDB9282B9A3F004DBB62 /* NanumSquareOTF_acB.otf in Resources */ = {isa = PBXBuildFile; fileRef = F093BDB1282B9A3F004DBB62 /* NanumSquareOTF_acB.otf */; };
		F093BDBA282B9A3F004DBB62 /* NanumSquareB.otf in Resources */ = {isa = PBXBuildFile; fileRef = F093BDB2282B9A3F004DBB62 /* NanumSquareB.otf */; };
		F093BDBF282B9BBC004DBB62 /* WelcomeVC.swift in Sources */ = {isa = PBXBuildFile; fileRef = F093BDBE282B9BBC004DBB62 /* WelcomeVC.swift */; };
		F093BDC1282B9BF0004DBB62 /* NameSettingVC.swift in Sources */ = {isa = PBXBuildFile; fileRef = F093BDC0282B9BF0004DBB62 /* NameSettingVC.swift */; };
		F093BDC3282B9C08004DBB62 /* MbtiSettingVC.swift in Sources */ = {isa = PBXBuildFile; fileRef = F093BDC2282B9C08004DBB62 /* MbtiSettingVC.swift */; };
		F093BDC5282B9C40004DBB62 /* TimeSettingVC.swift in Sources */ = {isa = PBXBuildFile; fileRef = F093BDC4282B9C40004DBB62 /* TimeSettingVC.swift */; };
		F0C98C252834C42500298795 /* 30344-hamburger-close-animation.json in Resources */ = {isa = PBXBuildFile; fileRef = F0C98C242834C42500298795 /* 30344-hamburger-close-animation.json */; };
		F0EF5EB42834DCED00B2C80D /* FloatingButtonVC.swift in Sources */ = {isa = PBXBuildFile; fileRef = F0EF5EB32834DCED00B2C80D /* FloatingButtonVC.swift */; };
/* End PBXBuildFile section */

/* Begin PBXFileReference section */
		24070A916A4B108EE1D80DE9 /* Pods_GoodDayApplication.framework */ = {isa = PBXFileReference; explicitFileType = wrapper.framework; includeInIndex = 0; path = Pods_GoodDayApplication.framework; sourceTree = BUILT_PRODUCTS_DIR; };
		BFD27FAE19D5D1DCBD09945E /* Pods-GoodDayApplication.debug.xcconfig */ = {isa = PBXFileReference; includeInIndex = 1; lastKnownFileType = text.xcconfig; name = "Pods-GoodDayApplication.debug.xcconfig"; path = "Target Support Files/Pods-GoodDayApplication/Pods-GoodDayApplication.debug.xcconfig"; sourceTree = "<group>"; };
		E1880FC3D8E20985EF742C89 /* Pods-GoodDayApplication.release.xcconfig */ = {isa = PBXFileReference; includeInIndex = 1; lastKnownFileType = text.xcconfig; name = "Pods-GoodDayApplication.release.xcconfig"; path = "Target Support Files/Pods-GoodDayApplication/Pods-GoodDayApplication.release.xcconfig"; sourceTree = "<group>"; };
		F093BD87282B8B95004DBB62 /* GoodDayApplication.app */ = {isa = PBXFileReference; explicitFileType = wrapper.application; includeInIndex = 0; path = GoodDayApplication.app; sourceTree = BUILT_PRODUCTS_DIR; };
		F093BD8A282B8B95004DBB62 /* AppDelegate.swift */ = {isa = PBXFileReference; lastKnownFileType = sourcecode.swift; path = AppDelegate.swift; sourceTree = "<group>"; };
		F093BD8C282B8B95004DBB62 /* SceneDelegate.swift */ = {isa = PBXFileReference; lastKnownFileType = sourcecode.swift; path = SceneDelegate.swift; sourceTree = "<group>"; };
		F093BD8E282B8B95004DBB62 /* MainVC.swift */ = {isa = PBXFileReference; lastKnownFileType = sourcecode.swift; path = MainVC.swift; sourceTree = "<group>"; };
		F093BD91282B8B95004DBB62 /* Base */ = {isa = PBXFileReference; lastKnownFileType = file.storyboard; name = Base; path = Base.lproj/Main.storyboard; sourceTree = "<group>"; };
		F093BD93282B8B96004DBB62 /* Assets.xcassets */ = {isa = PBXFileReference; lastKnownFileType = folder.assetcatalog; path = Assets.xcassets; sourceTree = "<group>"; };
		F093BD96282B8B96004DBB62 /* Base */ = {isa = PBXFileReference; lastKnownFileType = file.storyboard; name = Base; path = Base.lproj/LaunchScreen.storyboard; sourceTree = "<group>"; };
		F093BD98282B8B96004DBB62 /* Info.plist */ = {isa = PBXFileReference; lastKnownFileType = text.plist.xml; path = Info.plist; sourceTree = "<group>"; };
		F093BD9E282B8F50004DBB62 /* GoogleService-Info.plist */ = {isa = PBXFileReference; fileEncoding = 4; lastKnownFileType = text.plist.xml; path = "GoogleService-Info.plist"; sourceTree = "<group>"; };
		F093BDA0282B96A6004DBB62 /* InitialSettingViews.storyboard */ = {isa = PBXFileReference; lastKnownFileType = file.storyboard; path = InitialSettingViews.storyboard; sourceTree = "<group>"; };
		F093BDA2282B99B5004DBB62 /* ColorManager.swift */ = {isa = PBXFileReference; lastKnownFileType = sourcecode.swift; path = ColorManager.swift; sourceTree = "<group>"; };
		F093BDA4282B99E4004DBB62 /* UserDefaultsManager.swift */ = {isa = PBXFileReference; lastKnownFileType = sourcecode.swift; path = UserDefaultsManager.swift; sourceTree = "<group>"; };
		F093BDA6282B9A04004DBB62 /* TimeManager.swift */ = {isa = PBXFileReference; lastKnownFileType = sourcecode.swift; path = TimeManager.swift; sourceTree = "<group>"; };
		F093BDA8282B9A25004DBB62 /* FontManager.swift */ = {isa = PBXFileReference; lastKnownFileType = sourcecode.swift; path = FontManager.swift; sourceTree = "<group>"; };
		F093BDAB282B9A3F004DBB62 /* NanumSquareOTF_acEB.otf */ = {isa = PBXFileReference; lastKnownFileType = file; path = NanumSquareOTF_acEB.otf; sourceTree = "<group>"; };
		F093BDAC282B9A3F004DBB62 /* NanumSquareL.otf */ = {isa = PBXFileReference; lastKnownFileType = file; path = NanumSquareL.otf; sourceTree = "<group>"; };
		F093BDAD282B9A3F004DBB62 /* NanumSquareEB.otf */ = {isa = PBXFileReference; lastKnownFileType = file; path = NanumSquareEB.otf; sourceTree = "<group>"; };
		F093BDAE282B9A3F004DBB62 /* NanumSquareOTF_acL.otf */ = {isa = PBXFileReference; lastKnownFileType = file; path = NanumSquareOTF_acL.otf; sourceTree = "<group>"; };
		F093BDAF282B9A3F004DBB62 /* NanumSquareR.otf */ = {isa = PBXFileReference; lastKnownFileType = file; path = NanumSquareR.otf; sourceTree = "<group>"; };
		F093BDB0282B9A3F004DBB62 /* NanumSquareOTF_acR.otf */ = {isa = PBXFileReference; lastKnownFileType = file; path = NanumSquareOTF_acR.otf; sourceTree = "<group>"; };
		F093BDB1282B9A3F004DBB62 /* NanumSquareOTF_acB.otf */ = {isa = PBXFileReference; lastKnownFileType = file; path = NanumSquareOTF_acB.otf; sourceTree = "<group>"; };
		F093BDB2282B9A3F004DBB62 /* NanumSquareB.otf */ = {isa = PBXFileReference; lastKnownFileType = file; path = NanumSquareB.otf; sourceTree = "<group>"; };
		F093BDBE282B9BBC004DBB62 /* WelcomeVC.swift */ = {isa = PBXFileReference; lastKnownFileType = sourcecode.swift; path = WelcomeVC.swift; sourceTree = "<group>"; };
		F093BDC0282B9BF0004DBB62 /* NameSettingVC.swift */ = {isa = PBXFileReference; lastKnownFileType = sourcecode.swift; path = NameSettingVC.swift; sourceTree = "<group>"; };
		F093BDC2282B9C08004DBB62 /* MbtiSettingVC.swift */ = {isa = PBXFileReference; lastKnownFileType = sourcecode.swift; path = MbtiSettingVC.swift; sourceTree = "<group>"; };
		F093BDC4282B9C40004DBB62 /* TimeSettingVC.swift */ = {isa = PBXFileReference; lastKnownFileType = sourcecode.swift; path = TimeSettingVC.swift; sourceTree = "<group>"; };
		F0C98C242834C42500298795 /* 30344-hamburger-close-animation.json */ = {isa = PBXFileReference; fileEncoding = 4; lastKnownFileType = text.json; path = "30344-hamburger-close-animation.json"; sourceTree = "<group>"; };
		F0EF5EB32834DCED00B2C80D /* FloatingButtonVC.swift */ = {isa = PBXFileReference; lastKnownFileType = sourcecode.swift; path = FloatingButtonVC.swift; sourceTree = "<group>"; };
/* End PBXFileReference section */

/* Begin PBXFrameworksBuildPhase section */
		F093BD84282B8B95004DBB62 /* Frameworks */ = {
			isa = PBXFrameworksBuildPhase;
			buildActionMask = 2147483647;
			files = (
				D79895FC5F2CED713E1E9F90 /* Pods_GoodDayApplication.framework in Frameworks */,
			);
			runOnlyForDeploymentPostprocessing = 0;
		};
/* End PBXFrameworksBuildPhase section */

/* Begin PBXGroup section */
		2494F0C578DB938B3004C029 /* Pods */ = {
			isa = PBXGroup;
			children = (
				BFD27FAE19D5D1DCBD09945E /* Pods-GoodDayApplication.debug.xcconfig */,
				E1880FC3D8E20985EF742C89 /* Pods-GoodDayApplication.release.xcconfig */,
			);
			path = Pods;
			sourceTree = "<group>";
		};
		27B0C4E2B09C6C09682E34DB /* Frameworks */ = {
			isa = PBXGroup;
			children = (
				24070A916A4B108EE1D80DE9 /* Pods_GoodDayApplication.framework */,
			);
			name = Frameworks;
			sourceTree = "<group>";
		};
		F093BD7E282B8B95004DBB62 = {
			isa = PBXGroup;
			children = (
				F093BD89282B8B95004DBB62 /* GoodDayApplication */,
				F093BD88282B8B95004DBB62 /* Products */,
				2494F0C578DB938B3004C029 /* Pods */,
				27B0C4E2B09C6C09682E34DB /* Frameworks */,
			);
			sourceTree = "<group>";
		};
		F093BD88282B8B95004DBB62 /* Products */ = {
			isa = PBXGroup;
			children = (
				F093BD87282B8B95004DBB62 /* GoodDayApplication.app */,
			);
			name = Products;
			sourceTree = "<group>";
		};
		F093BD89282B8B95004DBB62 /* GoodDayApplication */ = {
			isa = PBXGroup;
			children = (
				F093BDBD282B9B0C004DBB62 /* Views */,
				F093BDBC282B9AF9004DBB62 /* Managers */,
				F093BDBB282B9AE5004DBB62 /* ViewControllers */,
				F093BD8A282B8B95004DBB62 /* AppDelegate.swift */,
				F093BD8C282B8B95004DBB62 /* SceneDelegate.swift */,
				F093BD93282B8B96004DBB62 /* Assets.xcassets */,
				F093BD9E282B8F50004DBB62 /* GoogleService-Info.plist */,
				F093BD98282B8B96004DBB62 /* Info.plist */,
				F0C98C242834C42500298795 /* 30344-hamburger-close-animation.json */,
				F093BDAA282B9A3F004DBB62 /* Fonts */,
			);
			path = GoodDayApplication;
			sourceTree = "<group>";
		};
		F093BDAA282B9A3F004DBB62 /* Fonts */ = {
			isa = PBXGroup;
			children = (
				F093BDAB282B9A3F004DBB62 /* NanumSquareOTF_acEB.otf */,
				F093BDAC282B9A3F004DBB62 /* NanumSquareL.otf */,
				F093BDAD282B9A3F004DBB62 /* NanumSquareEB.otf */,
				F093BDAE282B9A3F004DBB62 /* NanumSquareOTF_acL.otf */,
				F093BDAF282B9A3F004DBB62 /* NanumSquareR.otf */,
				F093BDB0282B9A3F004DBB62 /* NanumSquareOTF_acR.otf */,
				F093BDB1282B9A3F004DBB62 /* NanumSquareOTF_acB.otf */,
				F093BDB2282B9A3F004DBB62 /* NanumSquareB.otf */,
			);
			path = Fonts;
			sourceTree = "<group>";
		};
		F093BDBB282B9AE5004DBB62 /* ViewControllers */ = {
			isa = PBXGroup;
			children = (
				F093BD8E282B8B95004DBB62 /* MainVC.swift */,
				F093BDBE282B9BBC004DBB62 /* WelcomeVC.swift */,
				F093BDC0282B9BF0004DBB62 /* NameSettingVC.swift */,
				F093BDC2282B9C08004DBB62 /* MbtiSettingVC.swift */,
				F093BDC4282B9C40004DBB62 /* TimeSettingVC.swift */,
				F0EF5EB32834DCED00B2C80D /* FloatingButtonVC.swift */,
			);
			path = ViewControllers;
			sourceTree = "<group>";
		};
		F093BDBC282B9AF9004DBB62 /* Managers */ = {
			isa = PBXGroup;
			children = (
				F093BDA2282B99B5004DBB62 /* ColorManager.swift */,
				F093BDA4282B99E4004DBB62 /* UserDefaultsManager.swift */,
				F093BDA6282B9A04004DBB62 /* TimeManager.swift */,
				F093BDA8282B9A25004DBB62 /* FontManager.swift */,
			);
			path = Managers;
			sourceTree = "<group>";
		};
		F093BDBD282B9B0C004DBB62 /* Views */ = {
			isa = PBXGroup;
			children = (
				F093BD90282B8B95004DBB62 /* Main.storyboard */,
				F093BD95282B8B96004DBB62 /* LaunchScreen.storyboard */,
				F093BDA0282B96A6004DBB62 /* InitialSettingViews.storyboard */,
			);
			path = Views;
			sourceTree = "<group>";
		};
/* End PBXGroup section */

/* Begin PBXNativeTarget section */
		F093BD86282B8B95004DBB62 /* GoodDayApplication */ = {
			isa = PBXNativeTarget;
			buildConfigurationList = F093BD9B282B8B96004DBB62 /* Build configuration list for PBXNativeTarget "GoodDayApplication" */;
			buildPhases = (
				B18B88079CF1CBFA5BDEC7EE /* [CP] Check Pods Manifest.lock */,
				F093BD83282B8B95004DBB62 /* Sources */,
				F093BD84282B8B95004DBB62 /* Frameworks */,
				F093BD85282B8B95004DBB62 /* Resources */,
				C8E1E544D6F5498DAC8F178B /* [CP] Embed Pods Frameworks */,
			);
			buildRules = (
			);
			dependencies = (
			);
			name = GoodDayApplication;
			productName = GoodDayApplication;
			productReference = F093BD87282B8B95004DBB62 /* GoodDayApplication.app */;
			productType = "com.apple.product-type.application";
		};
/* End PBXNativeTarget section */

/* Begin PBXProject section */
		F093BD7F282B8B95004DBB62 /* Project object */ = {
			isa = PBXProject;
			attributes = {
				BuildIndependentTargetsInParallel = 1;
				LastSwiftUpdateCheck = 1330;
				LastUpgradeCheck = 1330;
				TargetAttributes = {
					F093BD86282B8B95004DBB62 = {
						CreatedOnToolsVersion = 13.3;
					};
				};
			};
			buildConfigurationList = F093BD82282B8B95004DBB62 /* Build configuration list for PBXProject "GoodDayApplication" */;
			compatibilityVersion = "Xcode 13.0";
			developmentRegion = en;
			hasScannedForEncodings = 0;
			knownRegions = (
				en,
				Base,
			);
			mainGroup = F093BD7E282B8B95004DBB62;
			productRefGroup = F093BD88282B8B95004DBB62 /* Products */;
			projectDirPath = "";
			projectRoot = "";
			targets = (
				F093BD86282B8B95004DBB62 /* GoodDayApplication */,
			);
		};
/* End PBXProject section */

/* Begin PBXResourcesBuildPhase section */
		F093BD85282B8B95004DBB62 /* Resources */ = {
			isa = PBXResourcesBuildPhase;
			buildActionMask = 2147483647;
			files = (
				F0C98C252834C42500298795 /* 30344-hamburger-close-animation.json in Resources */,
				F093BD97282B8B96004DBB62 /* LaunchScreen.storyboard in Resources */,
				F093BDB8282B9A3F004DBB62 /* NanumSquareOTF_acR.otf in Resources */,
				F093BDA1282B96A6004DBB62 /* InitialSettingViews.storyboard in Resources */,
				F093BDB4282B9A3F004DBB62 /* NanumSquareL.otf in Resources */,
				F093BDBA282B9A3F004DBB62 /* NanumSquareB.otf in Resources */,
				F093BDB6282B9A3F004DBB62 /* NanumSquareOTF_acL.otf in Resources */,
				F093BD9F282B8F50004DBB62 /* GoogleService-Info.plist in Resources */,
				F093BD94282B8B96004DBB62 /* Assets.xcassets in Resources */,
				F093BDB9282B9A3F004DBB62 /* NanumSquareOTF_acB.otf in Resources */,
				F093BD92282B8B95004DBB62 /* Main.storyboard in Resources */,
				F093BDB7282B9A3F004DBB62 /* NanumSquareR.otf in Resources */,
				F093BDB3282B9A3F004DBB62 /* NanumSquareOTF_acEB.otf in Resources */,
				F093BDB5282B9A3F004DBB62 /* NanumSquareEB.otf in Resources */,
			);
			runOnlyForDeploymentPostprocessing = 0;
		};
/* End PBXResourcesBuildPhase section */

/* Begin PBXShellScriptBuildPhase section */
		B18B88079CF1CBFA5BDEC7EE /* [CP] Check Pods Manifest.lock */ = {
			isa = PBXShellScriptBuildPhase;
			buildActionMask = 2147483647;
			files = (
			);
			inputFileListPaths = (
			);
			inputPaths = (
				"${PODS_PODFILE_DIR_PATH}/Podfile.lock",
				"${PODS_ROOT}/Manifest.lock",
			);
			name = "[CP] Check Pods Manifest.lock";
			outputFileListPaths = (
			);
			outputPaths = (
				"$(DERIVED_FILE_DIR)/Pods-GoodDayApplication-checkManifestLockResult.txt",
			);
			runOnlyForDeploymentPostprocessing = 0;
			shellPath = /bin/sh;
			shellScript = "diff \"${PODS_PODFILE_DIR_PATH}/Podfile.lock\" \"${PODS_ROOT}/Manifest.lock\" > /dev/null\nif [ $? != 0 ] ; then\n    # print error to STDERR\n    echo \"error: The sandbox is not in sync with the Podfile.lock. Run 'pod install' or update your CocoaPods installation.\" >&2\n    exit 1\nfi\n# This output is used by Xcode 'outputs' to avoid re-running this script phase.\necho \"SUCCESS\" > \"${SCRIPT_OUTPUT_FILE_0}\"\n";
			showEnvVarsInLog = 0;
		};
		C8E1E544D6F5498DAC8F178B /* [CP] Embed Pods Frameworks */ = {
			isa = PBXShellScriptBuildPhase;
			buildActionMask = 2147483647;
			files = (
			);
			inputFileListPaths = (
				"${PODS_ROOT}/Target Support Files/Pods-GoodDayApplication/Pods-GoodDayApplication-frameworks-${CONFIGURATION}-input-files.xcfilelist",
			);
			name = "[CP] Embed Pods Frameworks";
			outputFileListPaths = (
				"${PODS_ROOT}/Target Support Files/Pods-GoodDayApplication/Pods-GoodDayApplication-frameworks-${CONFIGURATION}-output-files.xcfilelist",
			);
			runOnlyForDeploymentPostprocessing = 0;
			shellPath = /bin/sh;
			shellScript = "\"${PODS_ROOT}/Target Support Files/Pods-GoodDayApplication/Pods-GoodDayApplication-frameworks.sh\"\n";
			showEnvVarsInLog = 0;
		};
/* End PBXShellScriptBuildPhase section */

/* Begin PBXSourcesBuildPhase section */
		F093BD83282B8B95004DBB62 /* Sources */ = {
			isa = PBXSourcesBuildPhase;
			buildActionMask = 2147483647;
			files = (
				F093BD8F282B8B95004DBB62 /* MainVC.swift in Sources */,
				F093BDC3282B9C08004DBB62 /* MbtiSettingVC.swift in Sources */,
				F0EF5EB42834DCED00B2C80D /* FloatingButtonVC.swift in Sources */,
				F093BDA5282B99E4004DBB62 /* UserDefaultsManager.swift in Sources */,
				F093BDA9282B9A25004DBB62 /* FontManager.swift in Sources */,
				F093BDC5282B9C40004DBB62 /* TimeSettingVC.swift in Sources */,
				F093BDC1282B9BF0004DBB62 /* NameSettingVC.swift in Sources */,
				F093BDA7282B9A04004DBB62 /* TimeManager.swift in Sources */,
				F093BD8B282B8B95004DBB62 /* AppDelegate.swift in Sources */,
				F093BD8D282B8B95004DBB62 /* SceneDelegate.swift in Sources */,
				F093BDA3282B99B5004DBB62 /* ColorManager.swift in Sources */,
				F093BDBF282B9BBC004DBB62 /* WelcomeVC.swift in Sources */,
			);
			runOnlyForDeploymentPostprocessing = 0;
		};
/* End PBXSourcesBuildPhase section */

/* Begin PBXVariantGroup section */
		F093BD90282B8B95004DBB62 /* Main.storyboard */ = {
			isa = PBXVariantGroup;
			children = (
				F093BD91282B8B95004DBB62 /* Base */,
			);
			name = Main.storyboard;
			sourceTree = "<group>";
		};
		F093BD95282B8B96004DBB62 /* LaunchScreen.storyboard */ = {
			isa = PBXVariantGroup;
			children = (
				F093BD96282B8B96004DBB62 /* Base */,
			);
			name = LaunchScreen.storyboard;
			sourceTree = "<group>";
		};
/* End PBXVariantGroup section */

/* Begin XCBuildConfiguration section */
		F093BD99282B8B96004DBB62 /* Debug */ = {
			isa = XCBuildConfiguration;
			buildSettings = {
				ALWAYS_SEARCH_USER_PATHS = NO;
				CLANG_ANALYZER_NONNULL = YES;
				CLANG_ANALYZER_NUMBER_OBJECT_CONVERSION = YES_AGGRESSIVE;
				CLANG_CXX_LANGUAGE_STANDARD = "gnu++17";
				CLANG_ENABLE_MODULES = YES;
				CLANG_ENABLE_OBJC_ARC = YES;
				CLANG_ENABLE_OBJC_WEAK = YES;
				CLANG_WARN_BLOCK_CAPTURE_AUTORELEASING = YES;
				CLANG_WARN_BOOL_CONVERSION = YES;
				CLANG_WARN_COMMA = YES;
				CLANG_WARN_CONSTANT_CONVERSION = YES;
				CLANG_WARN_DEPRECATED_OBJC_IMPLEMENTATIONS = YES;
				CLANG_WARN_DIRECT_OBJC_ISA_USAGE = YES_ERROR;
				CLANG_WARN_DOCUMENTATION_COMMENTS = YES;
				CLANG_WARN_EMPTY_BODY = YES;
				CLANG_WARN_ENUM_CONVERSION = YES;
				CLANG_WARN_INFINITE_RECURSION = YES;
				CLANG_WARN_INT_CONVERSION = YES;
				CLANG_WARN_NON_LITERAL_NULL_CONVERSION = YES;
				CLANG_WARN_OBJC_IMPLICIT_RETAIN_SELF = YES;
				CLANG_WARN_OBJC_LITERAL_CONVERSION = YES;
				CLANG_WARN_OBJC_ROOT_CLASS = YES_ERROR;
				CLANG_WARN_QUOTED_INCLUDE_IN_FRAMEWORK_HEADER = YES;
				CLANG_WARN_RANGE_LOOP_ANALYSIS = YES;
				CLANG_WARN_STRICT_PROTOTYPES = YES;
				CLANG_WARN_SUSPICIOUS_MOVE = YES;
				CLANG_WARN_UNGUARDED_AVAILABILITY = YES_AGGRESSIVE;
				CLANG_WARN_UNREACHABLE_CODE = YES;
				CLANG_WARN__DUPLICATE_METHOD_MATCH = YES;
				COPY_PHASE_STRIP = NO;
				DEBUG_INFORMATION_FORMAT = dwarf;
				ENABLE_STRICT_OBJC_MSGSEND = YES;
				ENABLE_TESTABILITY = YES;
				GCC_C_LANGUAGE_STANDARD = gnu11;
				GCC_DYNAMIC_NO_PIC = NO;
				GCC_NO_COMMON_BLOCKS = YES;
				GCC_OPTIMIZATION_LEVEL = 0;
				GCC_PREPROCESSOR_DEFINITIONS = (
					"DEBUG=1",
					"$(inherited)",
				);
				GCC_WARN_64_TO_32_BIT_CONVERSION = YES;
				GCC_WARN_ABOUT_RETURN_TYPE = YES_ERROR;
				GCC_WARN_UNDECLARED_SELECTOR = YES;
				GCC_WARN_UNINITIALIZED_AUTOS = YES_AGGRESSIVE;
				GCC_WARN_UNUSED_FUNCTION = YES;
				GCC_WARN_UNUSED_VARIABLE = YES;
				IPHONEOS_DEPLOYMENT_TARGET = 15.4;
				MTL_ENABLE_DEBUG_INFO = INCLUDE_SOURCE;
				MTL_FAST_MATH = YES;
				ONLY_ACTIVE_ARCH = YES;
				SDKROOT = iphoneos;
				SWIFT_ACTIVE_COMPILATION_CONDITIONS = DEBUG;
				SWIFT_OPTIMIZATION_LEVEL = "-Onone";
			};
			name = Debug;
		};
		F093BD9A282B8B96004DBB62 /* Release */ = {
			isa = XCBuildConfiguration;
			buildSettings = {
				ALWAYS_SEARCH_USER_PATHS = NO;
				CLANG_ANALYZER_NONNULL = YES;
				CLANG_ANALYZER_NUMBER_OBJECT_CONVERSION = YES_AGGRESSIVE;
				CLANG_CXX_LANGUAGE_STANDARD = "gnu++17";
				CLANG_ENABLE_MODULES = YES;
				CLANG_ENABLE_OBJC_ARC = YES;
				CLANG_ENABLE_OBJC_WEAK = YES;
				CLANG_WARN_BLOCK_CAPTURE_AUTORELEASING = YES;
				CLANG_WARN_BOOL_CONVERSION = YES;
				CLANG_WARN_COMMA = YES;
				CLANG_WARN_CONSTANT_CONVERSION = YES;
				CLANG_WARN_DEPRECATED_OBJC_IMPLEMENTATIONS = YES;
				CLANG_WARN_DIRECT_OBJC_ISA_USAGE = YES_ERROR;
				CLANG_WARN_DOCUMENTATION_COMMENTS = YES;
				CLANG_WARN_EMPTY_BODY = YES;
				CLANG_WARN_ENUM_CONVERSION = YES;
				CLANG_WARN_INFINITE_RECURSION = YES;
				CLANG_WARN_INT_CONVERSION = YES;
				CLANG_WARN_NON_LITERAL_NULL_CONVERSION = YES;
				CLANG_WARN_OBJC_IMPLICIT_RETAIN_SELF = YES;
				CLANG_WARN_OBJC_LITERAL_CONVERSION = YES;
				CLANG_WARN_OBJC_ROOT_CLASS = YES_ERROR;
				CLANG_WARN_QUOTED_INCLUDE_IN_FRAMEWORK_HEADER = YES;
				CLANG_WARN_RANGE_LOOP_ANALYSIS = YES;
				CLANG_WARN_STRICT_PROTOTYPES = YES;
				CLANG_WARN_SUSPICIOUS_MOVE = YES;
				CLANG_WARN_UNGUARDED_AVAILABILITY = YES_AGGRESSIVE;
				CLANG_WARN_UNREACHABLE_CODE = YES;
				CLANG_WARN__DUPLICATE_METHOD_MATCH = YES;
				COPY_PHASE_STRIP = NO;
				DEBUG_INFORMATION_FORMAT = "dwarf-with-dsym";
				ENABLE_NS_ASSERTIONS = NO;
				ENABLE_STRICT_OBJC_MSGSEND = YES;
				GCC_C_LANGUAGE_STANDARD = gnu11;
				GCC_NO_COMMON_BLOCKS = YES;
				GCC_WARN_64_TO_32_BIT_CONVERSION = YES;
				GCC_WARN_ABOUT_RETURN_TYPE = YES_ERROR;
				GCC_WARN_UNDECLARED_SELECTOR = YES;
				GCC_WARN_UNINITIALIZED_AUTOS = YES_AGGRESSIVE;
				GCC_WARN_UNUSED_FUNCTION = YES;
				GCC_WARN_UNUSED_VARIABLE = YES;
				IPHONEOS_DEPLOYMENT_TARGET = 15.4;
				MTL_ENABLE_DEBUG_INFO = NO;
				MTL_FAST_MATH = YES;
				SDKROOT = iphoneos;
				SWIFT_COMPILATION_MODE = wholemodule;
				SWIFT_OPTIMIZATION_LEVEL = "-O";
				VALIDATE_PRODUCT = YES;
			};
			name = Release;
		};
		F093BD9C282B8B96004DBB62 /* Debug */ = {
			isa = XCBuildConfiguration;
			baseConfigurationReference = BFD27FAE19D5D1DCBD09945E /* Pods-GoodDayApplication.debug.xcconfig */;
			buildSettings = {
				ASSETCATALOG_COMPILER_APPICON_NAME = AppIcon;
				ASSETCATALOG_COMPILER_GLOBAL_ACCENT_COLOR_NAME = AccentColor;
				CODE_SIGN_STYLE = Automatic;
				CURRENT_PROJECT_VERSION = 1;
				DEVELOPMENT_TEAM = ZDUPRML6B6;
				GENERATE_INFOPLIST_FILE = YES;
				INFOPLIST_FILE = GoodDayApplication/Info.plist;
				INFOPLIST_KEY_UIApplicationSupportsIndirectInputEvents = YES;
				INFOPLIST_KEY_UILaunchStoryboardName = LaunchScreen;
				INFOPLIST_KEY_UIMainStoryboardFile = Main;
				INFOPLIST_KEY_UISupportedInterfaceOrientations_iPad = "UIInterfaceOrientationPortrait UIInterfaceOrientationPortraitUpsideDown UIInterfaceOrientationLandscapeLeft UIInterfaceOrientationLandscapeRight";
				INFOPLIST_KEY_UISupportedInterfaceOrientations_iPhone = "UIInterfaceOrientationPortrait UIInterfaceOrientationLandscapeLeft UIInterfaceOrientationLandscapeRight";
				IPHONEOS_DEPLOYMENT_TARGET = 14.0;
				LD_RUNPATH_SEARCH_PATHS = (
					"$(inherited)",
					"@executable_path/Frameworks",
				);
				MARKETING_VERSION = 1.0;
				PRODUCT_BUNDLE_IDENTIFIER = com.myungsun.GoodDayApplication;
				PRODUCT_NAME = "$(TARGET_NAME)";
				SWIFT_EMIT_LOC_STRINGS = YES;
				SWIFT_VERSION = 5.0;
				TARGETED_DEVICE_FAMILY = 1;
			};
			name = Debug;
		};
		F093BD9D282B8B96004DBB62 /* Release */ = {
			isa = XCBuildConfiguration;
			baseConfigurationReference = E1880FC3D8E20985EF742C89 /* Pods-GoodDayApplication.release.xcconfig */;
			buildSettings = {
				ASSETCATALOG_COMPILER_APPICON_NAME = AppIcon;
				ASSETCATALOG_COMPILER_GLOBAL_ACCENT_COLOR_NAME = AccentColor;
				CODE_SIGN_STYLE = Automatic;
				CURRENT_PROJECT_VERSION = 1;
				DEVELOPMENT_TEAM = ZDUPRML6B6;
				GENERATE_INFOPLIST_FILE = YES;
				INFOPLIST_FILE = GoodDayApplication/Info.plist;
				INFOPLIST_KEY_UIApplicationSupportsIndirectInputEvents = YES;
				INFOPLIST_KEY_UILaunchStoryboardName = LaunchScreen;
				INFOPLIST_KEY_UIMainStoryboardFile = Main;
				INFOPLIST_KEY_UISupportedInterfaceOrientations_iPad = "UIInterfaceOrientationPortrait UIInterfaceOrientationPortraitUpsideDown UIInterfaceOrientationLandscapeLeft UIInterfaceOrientationLandscapeRight";
				INFOPLIST_KEY_UISupportedInterfaceOrientations_iPhone = "UIInterfaceOrientationPortrait UIInterfaceOrientationLandscapeLeft UIInterfaceOrientationLandscapeRight";
				IPHONEOS_DEPLOYMENT_TARGET = 14.0;
				LD_RUNPATH_SEARCH_PATHS = (
					"$(inherited)",
					"@executable_path/Frameworks",
				);
				MARKETING_VERSION = 1.0;
				PRODUCT_BUNDLE_IDENTIFIER = com.myungsun.GoodDayApplication;
				PRODUCT_NAME = "$(TARGET_NAME)";
				SWIFT_EMIT_LOC_STRINGS = YES;
				SWIFT_VERSION = 5.0;
				TARGETED_DEVICE_FAMILY = 1;
			};
			name = Release;
		};
/* End XCBuildConfiguration section */

/* Begin XCConfigurationList section */
		F093BD82282B8B95004DBB62 /* Build configuration list for PBXProject "GoodDayApplication" */ = {
			isa = XCConfigurationList;
			buildConfigurations = (
				F093BD99282B8B96004DBB62 /* Debug */,
				F093BD9A282B8B96004DBB62 /* Release */,
			);
			defaultConfigurationIsVisible = 0;
			defaultConfigurationName = Release;
		};
		F093BD9B282B8B96004DBB62 /* Build configuration list for PBXNativeTarget "GoodDayApplication" */ = {
			isa = XCConfigurationList;
			buildConfigurations = (
				F093BD9C282B8B96004DBB62 /* Debug */,
				F093BD9D282B8B96004DBB62 /* Release */,
			);
			defaultConfigurationIsVisible = 0;
			defaultConfigurationName = Release;
		};
/* End XCConfigurationList section */
	};
	rootObject = F093BD7F282B8B95004DBB62 /* Project object */;
}
